<?xml version="1.0" encoding="utf-8"?>
<Project ToolsVersion="4.0" xmlns="http://schemas.microsoft.com/developer/msbuild/2003">
  <ItemGroup>
    <Filter Include="Spec">
      <UniqueIdentifier>{a8dafcec-975e-48ad-86f8-c63eff9449a1}</UniqueIdentifier>
    </Filter>
    <Filter Include="7z">
      <UniqueIdentifier>{25311cbe-dc0f-4ad8-b83d-f47d9b608e18}</UniqueIdentifier>
    </Filter>
    <Filter Include="Archive Common">
      <UniqueIdentifier>{1344dbd1-494a-48db-bcaa-048ad83e00e6}</UniqueIdentifier>
    </Filter>
    <Filter Include="Compress">
      <UniqueIdentifier>{e59d8812-45b2-40e1-a87e-faeff1d53dac}</UniqueIdentifier>
    </Filter>
    <Filter Include="Common">
      <UniqueIdentifier>{11c9adaf-2204-40fb-8b11-cbb650f588f2}</UniqueIdentifier>
    </Filter>
    <Filter Include="Windows">
      <UniqueIdentifier>{b4e5d549-e299-4e39-9175-80a828b041ff}</UniqueIdentifier>
    </Filter>
    <Filter Include="Windows\Control">
      <UniqueIdentifier>{e97cf7c3-117d-463c-bd93-f42572917fb2}</UniqueIdentifier>
    </Filter>
    <Filter Include="7z Common">
      <UniqueIdentifier>{3024305d-8533-4692-b019-174bc8c45659}</UniqueIdentifier>
    </Filter>
    <Filter Include="UI">
      <UniqueIdentifier>{8ed1a6bd-c17b-436c-bb7b-673eaeff8bb8}</UniqueIdentifier>
    </Filter>
    <Filter Include="UI\Explorer">
      <UniqueIdentifier>{0068e50b-b565-4db1-ab88-800648e50d28}</UniqueIdentifier>
    </Filter>
    <Filter Include="UI\UI Common">
      <UniqueIdentifier>{f4f971dc-b939-4793-9e38-31ca2b4a5c56}</UniqueIdentifier>
    </Filter>
    <Filter Include="File Manager">
      <UniqueIdentifier>{943115a2-9404-48a0-ad55-d41da2f91e5f}</UniqueIdentifier>
    </Filter>
    <Filter Include="C">
      <UniqueIdentifier>{38ba7931-1a5b-4d27-a9db-535511da1b7f}</UniqueIdentifier>
    </Filter>
    <Filter Include="Interface">
      <UniqueIdentifier>{07a494ff-ebd3-4961-8802-1ccaf4906460}</UniqueIdentifier>
    </Filter>
  </ItemGroup>
  <ItemGroup>
    <ResourceCompile Include="resource.rc">
      <Filter>Spec</Filter>
    </ResourceCompile>
    <ResourceCompile Include="..\..\UI\FileManager\ExtractPathDialog.rc">
      <Filter>File Manager</Filter>
    </ResourceCompile>
  </ItemGroup>
  <ItemGroup>
    <ClCompile Include="StdAfx.cpp">
      <Filter>Spec</Filter>
    </ClCompile>
    <ClCompile Include="..\..\Archive\7z\7zDecode.cpp">
      <Filter>7z</Filter>
    </ClCompile>
    <ClCompile Include="..\..\Archive\7z\7zExtract.cpp">
      <Filter>7z</Filter>
    </ClCompile>
    <ClCompile Include="..\..\Archive\7z\7zHandler.cpp">
      <Filter>7z</Filter>
    </ClCompile>
    <ClCompile Include="..\..\Archive\7z\7zIn.cpp">
      <Filter>7z</Filter>
    </ClCompile>
    <ClCompile Include="..\..\Archive\7z\7zRegister.cpp">
      <Filter>7z</Filter>
    </ClCompile>
    <ClCompile Include="..\..\Archive\Common\CoderMixer2.cpp">
      <Filter>Archive Common</Filter>
    </ClCompile>
    <ClCompile Include="..\..\Archive\Common\ItemNameUtils.cpp">
      <Filter>Archive Common</Filter>
    </ClCompile>
    <ClCompile Include="..\..\Archive\Common\OutStreamWithCRC.cpp">
      <Filter>Archive Common</Filter>
    </ClCompile>
    <ClCompile Include="..\..\Compress\Bcj2Coder.cpp">
      <Filter>Compress</Filter>
    </ClCompile>
    <ClCompile Include="..\..\Compress\Bcj2Register.cpp">
      <Filter>Compress</Filter>
    </ClCompile>
    <ClCompile Include="..\..\Compress\BcjCoder.cpp">
      <Filter>Compress</Filter>
    </ClCompile>
    <ClCompile Include="..\..\Compress\BcjRegister.cpp">
      <Filter>Compress</Filter>
    </ClCompile>
    <ClCompile Include="..\..\Compress\BranchMisc.cpp">
      <Filter>Compress</Filter>
    </ClCompile>
    <ClCompile Include="..\..\Compress\BranchRegister.cpp">
      <Filter>Compress</Filter>
    </ClCompile>
    <ClCompile Include="..\..\Compress\CopyCoder.cpp">
      <Filter>Compress</Filter>
    </ClCompile>
    <ClCompile Include="..\..\Compress\CopyRegister.cpp">
      <Filter>Compress</Filter>
    </ClCompile>
    <ClCompile Include="..\..\Compress\DeltaFilter.cpp">
      <Filter>Compress</Filter>
    </ClCompile>
    <ClCompile Include="..\..\Compress\Lzma2Decoder.cpp">
      <Filter>Compress</Filter>
    </ClCompile>
    <ClCompile Include="..\..\Compress\Lzma2Register.cpp">
      <Filter>Compress</Filter>
    </ClCompile>
    <ClCompile Include="..\..\Compress\LzmaDecoder.cpp">
      <Filter>Compress</Filter>
    </ClCompile>
    <ClCompile Include="..\..\Compress\LzmaRegister.cpp">
      <Filter>Compress</Filter>
    </ClCompile>
    <ClCompile Include="..\..\..\Common\CommandLineParser.cpp">
      <Filter>Common</Filter>
    </ClCompile>
    <ClCompile Include="..\..\..\Common\CRC.cpp">
      <Filter>Common</Filter>
    </ClCompile>
    <ClCompile Include="..\..\..\Common\IntToString.cpp">
      <Filter>Common</Filter>
    </ClCompile>
    <ClCompile Include="..\..\..\Common\MyString.cpp">
      <Filter>Common</Filter>
    </ClCompile>
    <ClCompile Include="..\..\..\Common\MyVector.cpp">
      <Filter>Common</Filter>
    </ClCompile>
    <ClCompile Include="..\..\..\Common\NewHandler.cpp">
      <Filter>Common</Filter>
    </ClCompile>
    <ClCompile Include="..\..\..\Common\StringConvert.cpp">
      <Filter>Common</Filter>
    </ClCompile>
    <ClCompile Include="..\..\..\Common\TextConfig.cpp">
      <Filter>Common</Filter>
    </ClCompile>
    <ClCompile Include="..\..\..\Common\UTFConvert.cpp">
      <Filter>Common</Filter>
    </ClCompile>
    <ClCompile Include="..\..\..\Common\Wildcard.cpp">
      <Filter>Common</Filter>
    </ClCompile>
    <ClCompile Include="..\..\..\Windows\Control\Dialog.cpp">
      <Filter>Windows\Control</Filter>
    </ClCompile>
    <ClCompile Include="..\..\..\Windows\DLL.cpp">
      <Filter>Windows</Filter>
    </ClCompile>
    <ClCompile Include="..\..\..\Windows\ErrorMsg.cpp">
      <Filter>Windows</Filter>
    </ClCompile>
    <ClCompile Include="..\..\..\Windows\FileDir.cpp">
      <Filter>Windows</Filter>
    </ClCompile>
    <ClCompile Include="..\..\..\Windows\FileFind.cpp">
      <Filter>Windows</Filter>
    </ClCompile>
    <ClCompile Include="..\..\..\Windows\FileIO.cpp">
      <Filter>Windows</Filter>
    </ClCompile>
    <ClCompile Include="..\..\..\Windows\FileName.cpp">
      <Filter>Windows</Filter>
    </ClCompile>
    <ClCompile Include="..\..\..\Windows\PropVariant.cpp">
      <Filter>Windows</Filter>
    </ClCompile>
    <ClCompile Include="..\..\..\Windows\ResourceString.cpp">
      <Filter>Windows</Filter>
    </ClCompile>
    <ClCompile Include="..\..\..\Windows\Synchronization.cpp">
      <Filter>Windows</Filter>
    </ClCompile>
    <ClCompile Include="..\..\..\Windows\Window.cpp">
      <Filter>Windows</Filter>
    </ClCompile>
    <ClCompile Include="..\..\Common\CreateCoder.cpp">
      <Filter>7z Common</Filter>
    </ClCompile>
    <ClCompile Include="..\..\Common\CWrappers.cpp">
      <Filter>7z Common</Filter>
    </ClCompile>
    <ClCompile Include="..\..\Common\FileStreams.cpp">
      <Filter>7z Common</Filter>
    </ClCompile>
    <ClCompile Include="..\..\Common\FilterCoder.cpp">
      <Filter>7z Common</Filter>
    </ClCompile>
    <ClCompile Include="..\..\Common\InBuffer.cpp">
      <Filter>7z Common</Filter>
    </ClCompile>
    <ClCompile Include="..\..\Common\LimitedStreams.cpp">
      <Filter>7z Common</Filter>
    </ClCompile>
    <ClCompile Include="..\..\Common\OutBuffer.cpp">
      <Filter>7z Common</Filter>
    </ClCompile>
    <ClCompile Include="..\..\Common\ProgressUtils.cpp">
      <Filter>7z Common</Filter>
    </ClCompile>
    <ClCompile Include="..\..\Common\PropId.cpp">
      <Filter>7z Common</Filter>
    </ClCompile>
    <ClCompile Include="..\..\Common\StreamBinder.cpp">
      <Filter>7z Common</Filter>
    </ClCompile>
    <ClCompile Include="..\..\Common\StreamObjects.cpp">
      <Filter>7z Common</Filter>
    </ClCompile>
    <ClCompile Include="..\..\Common\StreamUtils.cpp">
      <Filter>7z Common</Filter>
    </ClCompile>
    <ClCompile Include="..\..\Common\VirtThread.cpp">
      <Filter>7z Common</Filter>
    </ClCompile>
    <ClCompile Include="..\..\UI\Explorer\MyMessages.cpp">
      <Filter>UI\Explorer</Filter>
    </ClCompile>
    <ClCompile Include="..\..\UI\Common\ArchiveOpenCallback.cpp">
      <Filter>UI\UI Common</Filter>
    </ClCompile>
    <ClCompile Include="..\..\UI\Common\DefaultName.cpp">
      <Filter>UI\UI Common</Filter>
    </ClCompile>
    <ClCompile Include="..\..\UI\Common\LoadCodecs.cpp">
      <Filter>UI\UI Common</Filter>
    </ClCompile>
    <ClCompile Include="..\..\UI\Common\OpenArchive.cpp">
      <Filter>UI\UI Common</Filter>
    </ClCompile>
    <ClCompile Include="..\..\UI\FileManager\FormatUtils.cpp">
      <Filter>File Manager</Filter>
    </ClCompile>
    <ClCompile Include="..\..\UI\FileManager\ProgressDialog.cpp">
      <Filter>File Manager</Filter>
    </ClCompile>
    <ClCompile Include="..\..\..\..\C\7zCrc.c">
      <Filter>C</Filter>
    </ClCompile>
    <ClCompile Include="..\..\..\..\C\7zCrcOpt.c">
      <Filter>C</Filter>
    </ClCompile>
    <ClCompile Include="..\..\..\..\C\7zStream.c">
      <Filter>C</Filter>
    </ClCompile>
    <ClCompile Include="..\..\..\..\C\Alloc.c">
      <Filter>C</Filter>
    </ClCompile>
    <ClCompile Include="..\..\..\..\C\Bcj2.c">
      <Filter>C</Filter>
    </ClCompile>
    <ClCompile Include="..\..\..\..\C\Bra.c">
      <Filter>C</Filter>
    </ClCompile>
    <ClCompile Include="..\..\..\..\C\Bra86.c">
      <Filter>C</Filter>
    </ClCompile>
    <ClCompile Include="..\..\..\..\C\BraIA64.c">
      <Filter>C</Filter>
    </ClCompile>
    <ClCompile Include="..\..\..\..\C\CpuArch.c">
      <Filter>C</Filter>
    </ClCompile>
    <ClCompile Include="..\..\..\..\C\Delta.c">
      <Filter>C</Filter>
    </ClCompile>
    <ClCompile Include="..\..\..\..\C\DllSecur.c">
      <Filter>C</Filter>
    </ClCompile>
    <ClCompile Include="..\..\..\..\C\Lzma2Dec.c">
      <Filter>C</Filter>
    </ClCompile>
    <ClCompile Include="..\..\..\..\C\LzmaDec.c">
      <Filter>C</Filter>
    </ClCompile>
    <ClCompile Include="..\..\..\..\C\Threads.c">
      <Filter>C</Filter>
    </ClCompile>
    <ClCompile Include="ExtractCallbackSfx.cpp" />
    <ClCompile Include="ExtractEngine.cpp" />
    <ClCompile Include="SfxSetup.cpp" />
    <ClCompile Include="..\..\..\Windows\Shell.cpp">
      <Filter>File Manager</Filter>
    </ClCompile>
    <ClCompile Include="..\..\..\Windows\System.cpp">
      <Filter>Windows</Filter>
    </ClCompile>
    <ClCompile Include="..\..\..\..\C\Lzma2DecMt.c">
      <Filter>C</Filter>
    </ClCompile>
    <ClCompile Include="..\..\..\..\C\MtCoder.c">
      <Filter>C</Filter>
    </ClCompile>
    <ClCompile Include="..\..\..\..\C\MtDec.c">
      <Filter>C</Filter>
    </ClCompile>
    <ClCompile Include="..\..\UI\FileManager\ExtractPathDialog.cpp">
      <Filter>File Manager</Filter>
    </ClCompile>
  </ItemGroup>
  <ItemGroup>
    <ClInclude Include="StdAfx.h">
      <Filter>Spec</Filter>
    </ClInclude>
    <ClInclude Include="..\..\Archive\7z\7zDecode.h">
      <Filter>7z</Filter>
    </ClInclude>
    <ClInclude Include="..\..\Archive\7z\7zHandler.h">
      <Filter>7z</Filter>
    </ClInclude>
    <ClInclude Include="..\..\Archive\7z\7zHeader.h">
      <Filter>7z</Filter>
    </ClInclude>
    <ClInclude Include="..\..\Archive\7z\7zIn.h">
      <Filter>7z</Filter>
    </ClInclude>
    <ClInclude Include="..\..\Archive\7z\7zItem.h">
      <Filter>7z</Filter>
    </ClInclude>
    <ClInclude Include="..\..\Archive\Common\CoderMixer2.h">
      <Filter>Archive Common</Filter>
    </ClInclude>
    <ClInclude Include="..\..\Archive\Common\ItemNameUtils.h">
      <Filter>Archive Common</Filter>
    </ClInclude>
    <ClInclude Include="..\..\Archive\Common\OutStreamWithCRC.h">
      <Filter>Archive Common</Filter>
    </ClInclude>
    <ClInclude Include="..\..\Compress\BranchMisc.h">
      <Filter>Compress</Filter>
    </ClInclude>
    <ClInclude Include="..\..\Compress\Lzma2Decoder.h">
      <Filter>Compress</Filter>
    </ClInclude>
    <ClInclude Include="..\..\..\Common\CommandLineParser.h">
      <Filter>Common</Filter>
    </ClInclude>
    <ClInclude Include="..\..\..\Common\CRC.h">
      <Filter>Common</Filter>
    </ClInclude>
    <ClInclude Include="..\..\..\Common\IntToString.h">
      <Filter>Common</Filter>
    </ClInclude>
    <ClInclude Include="..\..\..\Common\MyString.h">
      <Filter>Common</Filter>
    </ClInclude>
    <ClInclude Include="..\..\..\Common\MyVector.h">
      <Filter>Common</Filter>
    </ClInclude>
    <ClInclude Include="..\..\..\Common\NewHandler.h">
      <Filter>Common</Filter>
    </ClInclude>
    <ClInclude Include="..\..\..\Common\StringConvert.h">
      <Filter>Common</Filter>
    </ClInclude>
    <ClInclude Include="..\..\..\Common\TextConfig.h">
      <Filter>Common</Filter>
    </ClInclude>
    <ClInclude Include="..\..\..\Common\UTFConvert.h">
      <Filter>Common</Filter>
    </ClInclude>
    <ClInclude Include="..\..\..\Common\Wildcard.h">
      <Filter>Common</Filter>
    </ClInclude>
    <ClInclude Include="..\..\..\Windows\Control\Dialog.h">
      <Filter>Windows\Control</Filter>
    </ClInclude>
    <ClInclude Include="..\..\..\Windows\DLL.h">
      <Filter>Windows</Filter>
    </ClInclude>
    <ClInclude Include="..\..\..\Windows\ErrorMsg.h">
      <Filter>Windows</Filter>
    </ClInclude>
    <ClInclude Include="..\..\..\Windows\FileDir.h">
      <Filter>Windows</Filter>
    </ClInclude>
    <ClInclude Include="..\..\..\Windows\FileFind.h">
      <Filter>Windows</Filter>
    </ClInclude>
    <ClInclude Include="..\..\..\Windows\FileIO.h">
      <Filter>Windows</Filter>
    </ClInclude>
    <ClInclude Include="..\..\..\Windows\FileName.h">
      <Filter>Windows</Filter>
    </ClInclude>
    <ClInclude Include="..\..\..\Windows\PropVariant.h">
      <Filter>Windows</Filter>
    </ClInclude>
    <ClInclude Include="..\..\..\Windows\ResourceString.h">
      <Filter>Windows</Filter>
    </ClInclude>
    <ClInclude Include="..\..\..\Windows\Synchronization.h">
      <Filter>Windows</Filter>
    </ClInclude>
    <ClInclude Include="..\..\..\Windows\Window.h">
      <Filter>Windows</Filter>
    </ClInclude>
    <ClInclude Include="..\..\Common\CreateCoder.h">
      <Filter>7z Common</Filter>
    </ClInclude>
    <ClInclude Include="..\..\Common\CWrappers.h">
      <Filter>7z Common</Filter>
    </ClInclude>
    <ClInclude Include="..\..\Common\FileStreams.h">
      <Filter>7z Common</Filter>
    </ClInclude>
    <ClInclude Include="..\..\Common\FilterCoder.h">
      <Filter>7z Common</Filter>
    </ClInclude>
    <ClInclude Include="..\..\Common\InBuffer.h">
      <Filter>7z Common</Filter>
    </ClInclude>
    <ClInclude Include="..\..\Common\LimitedStreams.h">
      <Filter>7z Common</Filter>
    </ClInclude>
    <ClInclude Include="..\..\Common\OutBuffer.h">
      <Filter>7z Common</Filter>
    </ClInclude>
    <ClInclude Include="..\..\Common\ProgressUtils.h">
      <Filter>7z Common</Filter>
    </ClInclude>
    <ClInclude Include="..\..\Common\StreamBinder.h">
      <Filter>7z Common</Filter>
    </ClInclude>
    <ClInclude Include="..\..\Common\StreamObjects.h">
      <Filter>7z Common</Filter>
    </ClInclude>
    <ClInclude Include="..\..\Common\StreamUtils.h">
      <Filter>7z Common</Filter>
    </ClInclude>
    <ClInclude Include="..\..\Common\VirtThread.h">
      <Filter>7z Common</Filter>
    </ClInclude>
    <ClInclude Include="..\..\UI\Explorer\MyMessages.h">
      <Filter>UI\Explorer</Filter>
    </ClInclude>
    <ClInclude Include="..\..\UI\Common\ArchiveOpenCallback.h">
      <Filter>UI\UI Common</Filter>
    </ClInclude>
    <ClInclude Include="..\..\UI\Common\DefaultName.h">
      <Filter>UI\UI Common</Filter>
    </ClInclude>
    <ClInclude Include="..\..\UI\Common\ExtractMode.h">
      <Filter>UI\UI Common</Filter>
    </ClInclude>
    <ClInclude Include="..\..\UI\Common\LoadCodecs.h">
      <Filter>UI\UI Common</Filter>
    </ClInclude>
    <ClInclude Include="..\..\UI\Common\OpenArchive.h">
      <Filter>UI\UI Common</Filter>
    </ClInclude>
    <ClInclude Include="..\..\UI\FileManager\FormatUtils.h">
      <Filter>File Manager</Filter>
    </ClInclude>
    <ClInclude Include="..\..\UI\FileManager\LangUtils.h">
      <Filter>File Manager</Filter>
    </ClInclude>
    <ClInclude Include="..\..\UI\FileManager\ProgressDialog.h">
      <Filter>File Manager</Filter>
    </ClInclude>
    <ClInclude Include="..\..\..\..\C\7zCrc.h">
      <Filter>C</Filter>
    </ClInclude>
    <ClInclude Include="..\..\..\..\C\7zStream.h">
      <Filter>C</Filter>
    </ClInclude>
    <ClInclude Include="..\..\..\..\C\7zTypes.h">
      <Filter>C</Filter>
    </ClInclude>
    <ClInclude Include="..\..\..\..\C\7zWindows.h">
      <Filter>C</Filter>
    </ClInclude>
    <ClInclude Include="..\..\..\..\C\Alloc.h">
      <Filter>C</Filter>
    </ClInclude>
    <ClInclude Include="..\..\..\..\C\Bcj2.h">
      <Filter>C</Filter>
    </ClInclude>
    <ClInclude Include="..\..\..\..\C\Bra.h">
      <Filter>C</Filter>
    </ClInclude>
    <ClInclude Include="..\..\..\..\C\CpuArch.h">
      <Filter>C</Filter>
    </ClInclude>
    <ClInclude Include="..\..\..\..\C\Delta.h">
      <Filter>C</Filter>
    </ClInclude>
    <ClInclude Include="..\..\..\..\C\DllSecur.h">
      <Filter>C</Filter>
    </ClInclude>
    <ClInclude Include="..\..\..\..\C\Lzma2Dec.h">
      <Filter>C</Filter>
    </ClInclude>
    <ClInclude Include="..\..\..\..\C\LzmaDec.h">
      <Filter>C</Filter>
    </ClInclude>
    <ClInclude Include="..\..\..\..\C\Threads.h">
      <Filter>C</Filter>
    </ClInclude>
    <ClInclude Include="ExtractCallbackSfx.h" />
    <ClInclude Include="ExtractEngine.h" />
    <ClInclude Include="..\..\..\Windows\Shell.h">
      <Filter>File Manager</Filter>
    </ClInclude>
    <ClInclude Include="..\..\..\Windows\System.h">
      <Filter>Windows</Filter>
    </ClInclude>
    <ClInclude Include="..\..\..\..\C\Lzma2DecMt.h">
      <Filter>C</Filter>
    </ClInclude>
    <ClInclude Include="..\..\..\..\C\MtCoder.h">
      <Filter>C</Filter>
    </ClInclude>
    <ClInclude Include="..\..\..\..\C\MtDec.h">
      <Filter>C</Filter>
    </ClInclude>
    <ClInclude Include="..\..\UI\FileManager\ExtractPathDialog.h">
      <Filter>File Manager</Filter>
    </ClInclude>
    <ClInclude Include="..\..\UI\FileManager\ExtractPathDialogRes.h">
      <Filter>File Manager</Filter>
    </ClInclude>
    <ClInclude Include="..\..\Archive\IArchive.h" />
    <ClInclude Include="..\..\Common\Common.h" />
    <ClInclude Include="..\..\Common\MyCom.h" />
    <ClInclude Include="..\..\Compress\Bcj2Coder.h" />
    <ClInclude Include="..\..\Compress\CopyCoder.h" />
    <ClInclude Include="..\..\ICoder.h" />
    <ClInclude Include="..\..\IDeclr.h" />
    <ClInclude Include="..\..\IPassword.h" />
    <ClInclude Include="..\..\IProgress.h" />
  </ItemGroup>
  <ItemGroup>
    <Image Include="setup.ico" />
  </ItemGroup>
</Project>
