
Microsoft Visual Studio Solution File, Format Version 12.00
# Visual Studio 15
VisualStudioVersion = 15.0.26228.9
MinimumVisualStudioVersion = 10.0.40219.1
Project("{8BC9CEB8-8B4A-11D0-8D11-00A0C91BC942}") = "SFXSetup", "SFXSetup.vcxproj", "{4CC93E8E-73BE-4FE2-8B2C-0A5030464FA4}"
EndProject
Global
	GlobalSection(SolutionConfigurationPlatforms) = preSolution
		Debug|x86 = Debug|x86
		Release|x86 = Release|x86
		ReleaseD|x86 = ReleaseD|x86
	EndGlobalSection
	GlobalSection(ProjectConfigurationPlatforms) = postSolution
		{4CC93E8E-73BE-4FE2-8B2C-0A5030464FA4}.Debug|x86.ActiveCfg = Debug|Win32
		{4CC93E8E-73BE-4FE2-8B2C-0A5030464FA4}.Debug|x86.Build.0 = Debug|Win32
		{4CC93E8E-73BE-4FE2-8B2C-0A5030464FA4}.Release|x86.ActiveCfg = Release|Win32
		{4CC93E8E-73BE-4FE2-8B2C-0A5030464FA4}.Release|x86.Build.0 = Release|Win32
		{4CC93E8E-73BE-4FE2-8B2C-0A5030464FA4}.ReleaseD|x86.ActiveCfg = ReleaseD|Win32
		{4CC93E8E-73BE-4FE2-8B2C-0A5030464FA4}.ReleaseD|x86.Build.0 = ReleaseD|Win32
	EndGlobalSection
	GlobalSection(SolutionProperties) = preSolution
		HideSolutionNode = FALSE
	EndGlobalSection
EndGlobal
