
Microsoft Visual Studio Solution File, Format Version 12.00
# Visual Studio 15
VisualStudioVersion = 15.0.26228.9
MinimumVisualStudioVersion = 10.0.40219.1
Project("{8BC9CEB8-8B4A-11D0-8D11-00A0C91BC942}") = "FM", "FM.vcxproj", "{3B449208-E9E6-4E7B-9687-12D4DF306914}"
EndProject
Global
	GlobalSection(SolutionConfigurationPlatforms) = preSolution
		Debug|x86 = Debug|x86
		DebugU|x86 = DebugU|x86
		Release|x86 = Release|x86
		ReleaseU|x86 = ReleaseU|x86
	EndGlobalSection
	GlobalSection(ProjectConfigurationPlatforms) = postSolution
		{3B449208-E9E6-4E7B-9687-12D4DF306914}.Debug|x86.ActiveCfg = Debug|Win32
		{3B449208-E9E6-4E7B-9687-12D4DF306914}.Debug|x86.Build.0 = Debug|Win32
		{3B449208-E9E6-4E7B-9687-12D4DF306914}.DebugU|x86.ActiveCfg = DebugU|Win32
		{3B449208-E9E6-4E7B-9687-12D4DF306914}.DebugU|x86.Build.0 = DebugU|Win32
		{3B449208-E9E6-4E7B-9687-12D4DF306914}.Release|x86.ActiveCfg = Release|Win32
		{3B449208-E9E6-4E7B-9687-12D4DF306914}.Release|x86.Build.0 = Release|Win32
		{3B449208-E9E6-4E7B-9687-12D4DF306914}.ReleaseU|x86.ActiveCfg = ReleaseU|Win32
		{3B449208-E9E6-4E7B-9687-12D4DF306914}.ReleaseU|x86.Build.0 = ReleaseU|Win32
	EndGlobalSection
	GlobalSection(SolutionProperties) = preSolution
		HideSolutionNode = FALSE
	EndGlobalSection
EndGlobal
